<?xml version="1.0" encoding="UTF-8" standalone="yes" ?>
<CodeBlocks_project_file>
	<FileVersion major="1" minor="6" />
	<Project>
		<Option title="prime_number" />
		<Option pch_mode="2" />
		<Option compiler="gcc" />
		<Build>
			<Target title="Debug">
				<Option output="bin/Debug/prime_number" prefix_auto="1" extension_auto="1" />
				<Option object_output="obj/Debug/" />
				<Option type="1" />
				<Option compiler="gcc" />
				<Compiler>
					<Add option="-g" />
				</Compiler>
			</Target>
			<Target title="Release">
				<Option output="bin/Release/prime_number" prefix_auto="1" extension_auto="1" />
				<Option object_output="obj/Release/" />
				<Option type="1" />
				<Option compiler="gcc" />
				<Compiler>
					<Add option="-O2" />
				</Compiler>
				<Linker>
					<Add option="-s" />
				</Linker>
			</Target>
		</Build>
		<Compiler>
			<Add option="-Wall" />
		</Compiler>
		<Unit filename="../inc/PrimeNumber.h">
			<Option target="Debug" />
		</Unit>
		<Unit filename="../src/Primenumber.c">
			<Option compilerVar="CC" />
		</Unit>
		<Unit filename="../test/test_primenumber.c">
			<Option compilerVar="CC" />
		</Unit>
		<Unit filename="../unity/unity.c">
			<Option compilerVar="CC" />
		</Unit>
		<Unit filename="../unity/unity.h" />
		<Extensions />
	</Project>
</CodeBlocks_project_file>
